
Microsoft Visual Studio Solution File, Format Version 12.00
# Visual Studio Version 17
VisualStudioVersion = 17.4.33403.182
MinimumVisualStudioVersion = 10.0.40219.1
Project("{FAE04EC0-301F-11D3-BF4B-00C04F79EFBC}") = "MediatRDemo.Library", "MediatRDemo.Library\MediatRDemo.Library.csproj", "{B4B25C6B-C0A9-41A7-A7D1-FD78DC797595}"
EndProject
Project("{FAE04EC0-301F-11D3-BF4B-00C04F79EFBC}") = "MediatRDemo.Api", "MediatRDemo.Api\MediatRDemo.Api.csproj", "{757405EA-4953-4D74-B1D9-0B35B6BF36D2}"
EndProject
Global
	GlobalSection(SolutionConfigurationPlatforms) = preSolution
		Debug|Any CPU = Debug|Any CPU
		Release|Any CPU = Release|Any CPU
	EndGlobalSection
	GlobalSection(ProjectConfigurationPlatforms) = postSolution
		{B4B25C6B-C0A9-41A7-A7D1-FD78DC797595}.Debug|Any CPU.ActiveCfg = Debug|Any CPU
		{B4B25C6B-C0A9-41A7-A7D1-FD78DC797595}.Debug|Any CPU.Build.0 = Debug|Any CPU
		{B4B25C6B-C0A9-41A7-A7D1-FD78DC797595}.Release|Any CPU.ActiveCfg = Release|Any CPU
		{B4B25C6B-C0A9-41A7-A7D1-FD78DC797595}.Release|Any CPU.Build.0 = Release|Any CPU
		{757405EA-4953-4D74-B1D9-0B35B6BF36D2}.Debug|Any CPU.ActiveCfg = Debug|Any CPU
		{757405EA-4953-4D74-B1D9-0B35B6BF36D2}.Debug|Any CPU.Build.0 = Debug|Any CPU
		{757405EA-4953-4D74-B1D9-0B35B6BF36D2}.Release|Any CPU.ActiveCfg = Release|Any CPU
		{757405EA-4953-4D74-B1D9-0B35B6BF36D2}.Release|Any CPU.Build.0 = Release|Any CPU
	EndGlobalSection
	GlobalSection(SolutionProperties) = preSolution
		HideSolutionNode = FALSE
	EndGlobalSection
	GlobalSection(ExtensibilityGlobals) = postSolution
		SolutionGuid = {968632A5-849F-4491-AD9B-C75950075644}
	EndGlobalSection
EndGlobal
